
Microsoft Visual Studio Solution File, Format Version 12.00
# Visual Studio Version 17
VisualStudioVersion = 17.11.35303.130
MinimumVisualStudioVersion = 10.0.40219.1
Project("{FAE04EC0-301F-11D3-BF4B-00C04F79EFBC}") = "Audiobook", "Audiobook\Audiobook.csproj", "{9DD3DD13-0DDD-45C0-A9A3-588F544F84E3}"
EndProject
Global
	GlobalSection(SolutionConfigurationPlatforms) = preSolution
		Debug|Any CPU = Debug|Any CPU
		Release|Any CPU = Release|Any CPU
	EndGlobalSection
	GlobalSection(ProjectConfigurationPlatforms) = postSolution
		{9DD3DD13-0DDD-45C0-A9A3-588F544F84E3}.Debug|Any CPU.ActiveCfg = Debug|Any CPU
		{9DD3DD13-0DDD-45C0-A9A3-588F544F84E3}.Debug|Any CPU.Build.0 = Debug|Any CPU
		{9DD3DD13-0DDD-45C0-A9A3-588F544F84E3}.Release|Any CPU.ActiveCfg = Release|Any CPU
		{9DD3DD13-0DDD-45C0-A9A3-588F544F84E3}.Release|Any CPU.Build.0 = Release|Any CPU
	EndGlobalSection
	GlobalSection(SolutionProperties) = preSolution
		HideSolutionNode = FALSE
	EndGlobalSection
	GlobalSection(ExtensibilityGlobals) = postSolution
		SolutionGuid = {879B55FE-15EB-4E86-82F3-C0EC5D8D590B}
	EndGlobalSection
EndGlobal
